
Microsoft Visual Studio Solution File, Format Version 12.00
# Visual Studio Version 17
VisualStudioVersion = 17.11.35327.3
MinimumVisualStudioVersion = 10.0.40219.1
Project("{FAE04EC0-301F-11D3-BF4B-00C04F79EFBC}") = "MiniPOS.RestApi", "MiniPOS.RestApi\MiniPOS.RestApi.csproj", "{5218F2D1-94EE-4E71-85A0-E2A4FF6DEDCE}"
EndProject
Global
	GlobalSection(SolutionConfigurationPlatforms) = preSolution
		Debug|Any CPU = Debug|Any CPU
		Release|Any CPU = Release|Any CPU
	EndGlobalSection
	GlobalSection(ProjectConfigurationPlatforms) = postSolution
		{5218F2D1-94EE-4E71-85A0-E2A4FF6DEDCE}.Debug|Any CPU.ActiveCfg = Debug|Any CPU
		{5218F2D1-94EE-4E71-85A0-E2A4FF6DEDCE}.Debug|Any CPU.Build.0 = Debug|Any CPU
		{5218F2D1-94EE-4E71-85A0-E2A4FF6DEDCE}.Release|Any CPU.ActiveCfg = Release|Any CPU
		{5218F2D1-94EE-4E71-85A0-E2A4FF6DEDCE}.Release|Any CPU.Build.0 = Release|Any CPU
	EndGlobalSection
	GlobalSection(SolutionProperties) = preSolution
		HideSolutionNode = FALSE
	EndGlobalSection
	GlobalSection(ExtensibilityGlobals) = postSolution
		SolutionGuid = {952644A7-7105-44A6-B014-8BCCB7DF033D}
	EndGlobalSection
EndGlobal
